
Microsoft Visual Studio Solution File, Format Version 12.00
# Visual Studio Version 16
VisualStudioVersion = 16.0.30114.105
MinimumVisualStudioVersion = 10.0.40219.1
Project("{2150E333-8FDC-42A3-9474-1A3956D46DE8}") = "Microservices", "Microservices", "{FE952651-959E-467D-915C-57599E5C5FAA}"
EndProject
Project("{FAE04EC0-301F-11D3-BF4B-00C04F79EFBC}") = "Product.Microservice", "Microservices\Product.Microservice\Product.Microservice.csproj", "{89DE2510-0D5D-41EE-81D1-8113E95F9C71}"
EndProject
Project("{FAE04EC0-301F-11D3-BF4B-00C04F79EFBC}") = "Customer.Microservice", "Microservices\Customer.Microservice\Customer.Microservice.csproj", "{8D795AF8-70FD-4806-AF1C-DC37A995445A}"
EndProject
Project("{FAE04EC0-301F-11D3-BF4B-00C04F79EFBC}") = "Gateway.WebApi", "Gateway.WebApi\Gateway.WebApi.csproj", "{B3794182-E185-4C8B-92B9-2BD5B3E66F02}"
EndProject
Project("{FAE04EC0-301F-11D3-BF4B-00C04F79EFBC}") = "Shared.Models", "Shared.Models\Shared.Models.csproj", "{1E654023-740B-4268-98C2-1161C75070F4}"
EndProject
Global
	GlobalSection(SolutionProperties) = preSolution
		HideSolutionNode = FALSE
	EndGlobalSection
	GlobalSection(SolutionConfigurationPlatforms) = preSolution
		Debug|Any CPU = Debug|Any CPU
		Debug|x64 = Debug|x64
		Debug|x86 = Debug|x86
		Release|Any CPU = Release|Any CPU
		Release|x64 = Release|x64
		Release|x86 = Release|x86
	EndGlobalSection
	GlobalSection(ProjectConfigurationPlatforms) = postSolution
		{89DE2510-0D5D-41EE-81D1-8113E95F9C71}.Debug|Any CPU.ActiveCfg = Debug|Any CPU
		{89DE2510-0D5D-41EE-81D1-8113E95F9C71}.Debug|Any CPU.Build.0 = Debug|Any CPU
		{89DE2510-0D5D-41EE-81D1-8113E95F9C71}.Debug|x64.ActiveCfg = Debug|Any CPU
		{89DE2510-0D5D-41EE-81D1-8113E95F9C71}.Debug|x64.Build.0 = Debug|Any CPU
		{89DE2510-0D5D-41EE-81D1-8113E95F9C71}.Debug|x86.ActiveCfg = Debug|Any CPU
		{89DE2510-0D5D-41EE-81D1-8113E95F9C71}.Debug|x86.Build.0 = Debug|Any CPU
		{89DE2510-0D5D-41EE-81D1-8113E95F9C71}.Release|Any CPU.ActiveCfg = Release|Any CPU
		{89DE2510-0D5D-41EE-81D1-8113E95F9C71}.Release|Any CPU.Build.0 = Release|Any CPU
		{89DE2510-0D5D-41EE-81D1-8113E95F9C71}.Release|x64.ActiveCfg = Release|Any CPU
		{89DE2510-0D5D-41EE-81D1-8113E95F9C71}.Release|x64.Build.0 = Release|Any CPU
		{89DE2510-0D5D-41EE-81D1-8113E95F9C71}.Release|x86.ActiveCfg = Release|Any CPU
		{89DE2510-0D5D-41EE-81D1-8113E95F9C71}.Release|x86.Build.0 = Release|Any CPU
		{8D795AF8-70FD-4806-AF1C-DC37A995445A}.Debug|Any CPU.ActiveCfg = Debug|Any CPU
		{8D795AF8-70FD-4806-AF1C-DC37A995445A}.Debug|Any CPU.Build.0 = Debug|Any CPU
		{8D795AF8-70FD-4806-AF1C-DC37A995445A}.Debug|x64.ActiveCfg = Debug|Any CPU
		{8D795AF8-70FD-4806-AF1C-DC37A995445A}.Debug|x64.Build.0 = Debug|Any CPU
		{8D795AF8-70FD-4806-AF1C-DC37A995445A}.Debug|x86.ActiveCfg = Debug|Any CPU
		{8D795AF8-70FD-4806-AF1C-DC37A995445A}.Debug|x86.Build.0 = Debug|Any CPU
		{8D795AF8-70FD-4806-AF1C-DC37A995445A}.Release|Any CPU.ActiveCfg = Release|Any CPU
		{8D795AF8-70FD-4806-AF1C-DC37A995445A}.Release|Any CPU.Build.0 = Release|Any CPU
		{8D795AF8-70FD-4806-AF1C-DC37A995445A}.Release|x64.ActiveCfg = Release|Any CPU
		{8D795AF8-70FD-4806-AF1C-DC37A995445A}.Release|x64.Build.0 = Release|Any CPU
		{8D795AF8-70FD-4806-AF1C-DC37A995445A}.Release|x86.ActiveCfg = Release|Any CPU
		{8D795AF8-70FD-4806-AF1C-DC37A995445A}.Release|x86.Build.0 = Release|Any CPU
		{B3794182-E185-4C8B-92B9-2BD5B3E66F02}.Debug|Any CPU.ActiveCfg = Debug|Any CPU
		{B3794182-E185-4C8B-92B9-2BD5B3E66F02}.Debug|Any CPU.Build.0 = Debug|Any CPU
		{B3794182-E185-4C8B-92B9-2BD5B3E66F02}.Debug|x64.ActiveCfg = Debug|Any CPU
		{B3794182-E185-4C8B-92B9-2BD5B3E66F02}.Debug|x64.Build.0 = Debug|Any CPU
		{B3794182-E185-4C8B-92B9-2BD5B3E66F02}.Debug|x86.ActiveCfg = Debug|Any CPU
		{B3794182-E185-4C8B-92B9-2BD5B3E66F02}.Debug|x86.Build.0 = Debug|Any CPU
		{B3794182-E185-4C8B-92B9-2BD5B3E66F02}.Release|Any CPU.ActiveCfg = Release|Any CPU
		{B3794182-E185-4C8B-92B9-2BD5B3E66F02}.Release|Any CPU.Build.0 = Release|Any CPU
		{B3794182-E185-4C8B-92B9-2BD5B3E66F02}.Release|x64.ActiveCfg = Release|Any CPU
		{B3794182-E185-4C8B-92B9-2BD5B3E66F02}.Release|x64.Build.0 = Release|Any CPU
		{B3794182-E185-4C8B-92B9-2BD5B3E66F02}.Release|x86.ActiveCfg = Release|Any CPU
		{B3794182-E185-4C8B-92B9-2BD5B3E66F02}.Release|x86.Build.0 = Release|Any CPU
		{1E654023-740B-4268-98C2-1161C75070F4}.Debug|Any CPU.ActiveCfg = Debug|Any CPU
		{1E654023-740B-4268-98C2-1161C75070F4}.Debug|Any CPU.Build.0 = Debug|Any CPU
		{1E654023-740B-4268-98C2-1161C75070F4}.Debug|x64.ActiveCfg = Debug|Any CPU
		{1E654023-740B-4268-98C2-1161C75070F4}.Debug|x64.Build.0 = Debug|Any CPU
		{1E654023-740B-4268-98C2-1161C75070F4}.Debug|x86.ActiveCfg = Debug|Any CPU
		{1E654023-740B-4268-98C2-1161C75070F4}.Debug|x86.Build.0 = Debug|Any CPU
		{1E654023-740B-4268-98C2-1161C75070F4}.Release|Any CPU.ActiveCfg = Release|Any CPU
		{1E654023-740B-4268-98C2-1161C75070F4}.Release|Any CPU.Build.0 = Release|Any CPU
		{1E654023-740B-4268-98C2-1161C75070F4}.Release|x64.ActiveCfg = Release|Any CPU
		{1E654023-740B-4268-98C2-1161C75070F4}.Release|x64.Build.0 = Release|Any CPU
		{1E654023-740B-4268-98C2-1161C75070F4}.Release|x86.ActiveCfg = Release|Any CPU
		{1E654023-740B-4268-98C2-1161C75070F4}.Release|x86.Build.0 = Release|Any CPU
	EndGlobalSection
	GlobalSection(NestedProjects) = preSolution
		{89DE2510-0D5D-41EE-81D1-8113E95F9C71} = {FE952651-959E-467D-915C-57599E5C5FAA}
		{8D795AF8-70FD-4806-AF1C-DC37A995445A} = {FE952651-959E-467D-915C-57599E5C5FAA}
	EndGlobalSection
EndGlobal
